<?xml version="1.0" encoding="utf-8"?>
<Project ToolsVersion="4.0" xmlns="http://schemas.microsoft.com/developer/msbuild/2003">
  <ItemGroup>
    <Filter Include="Source Files">
      <UniqueIdentifier>{4FC737F1-C7A5-4376-A066-2A32D752A2FF}</UniqueIdentifier>
      <Extensions>cpp;c;cc;cxx;def;odl;idl;hpj;bat;asm;asmx</Extensions>
    </Filter>
    <Filter Include="Header Files">
      <UniqueIdentifier>{93995380-89BD-4b04-88EB-625FBE52EBFB}</UniqueIdentifier>
      <Extensions>h;hh;hpp;hxx;hm;inl;inc;ipp;xsd</Extensions>
    </Filter>
    <Filter Include="Resource Files">
      <UniqueIdentifier>{67DA6AB6-F800-4c08-8B7A-83BB121AAD01}</UniqueIdentifier>
      <Extensions>rc;ico;cur;bmp;dlg;rc2;rct;bin;rgs;gif;jpg;jpeg;jpe;resx;tiff;tif;png;wav;mfcribbon-ms</Extensions>
    </Filter>
    <Filter Include="Source Files\Views">
      <UniqueIdentifier>{f61a812e-1836-4138-94d5-51a333458674}</UniqueIdentifier>
    </Filter>
    <Filter Include="Source Files\Analyzers">
      <UniqueIdentifier>{c72eeb06-e722-4c16-b021-4fef2d5bebf4}</UniqueIdentifier>
    </Filter>
    <Filter Include="Header Files\Views">
      <UniqueIdentifier>{5bfef654-b52c-4c77-a35d-95b8c98bfe70}</UniqueIdentifier>
    </Filter>
    <Filter Include="Header Files\Analyzers">
      <UniqueIdentifier>{e8d7ee64-3202-4eb3-9409-a5b48b479489}</UniqueIdentifier>
    </Filter>
    <Filter Include="Source Files\Views\ChromeFlameGraph">
      <UniqueIdentifier>{16101513-e862-44dd-b288-283de6be73de}</UniqueIdentifier>
    </Filter>
    <Filter Include="Header Files\Views\ChromeFlameGraph">
      <UniqueIdentifier>{e2c52991-0f64-4dca-88f2-14ff79041b30}</UniqueIdentifier>
    </Filter>
  </ItemGroup>
  <ItemGroup>
    <ClCompile Include="src\Commands.cpp">
      <Filter>Source Files</Filter>
    </ClCompile>
    <ClCompile Include="src\main.cpp">
      <Filter>Source Files</Filter>
    </ClCompile>
    <ClCompile Include="src\GenericFields.cpp">
      <Filter>Source Files</Filter>
    </ClCompile>
    <ClCompile Include="src\Views\BuildExplorerView.cpp">
      <Filter>Source Files\Views</Filter>
    </ClCompile>
    <ClCompile Include="src\Views\FilesView.cpp">
      <Filter>Source Files\Views</Filter>
    </ClCompile>
    <ClCompile Include="src\Views\FunctionsView.cpp">
      <Filter>Source Files\Views</Filter>
    </ClCompile>
    <ClCompile Include="src\Views\TemplateInstantiationsView.cpp">
      <Filter>Source Files\Views</Filter>
    </ClCompile>
    <ClCompile Include="src\Analyzers\ContextBuilder.cpp">
      <Filter>Source Files\Analyzers</Filter>
    </ClCompile>
    <ClCompile Include="src\Analyzers\ExpensiveTemplateInstantiationCache.cpp">
      <Filter>Source Files\Analyzers</Filter>
    </ClCompile>
    <ClCompile Include="src\Analyzers\ExecutionHierarchy.cpp">
      <Filter>Source Files\Analyzers</Filter>
    </ClCompile>
    <ClCompile Include="src\Views\ChromeFlameGraph\ChromeFlameGraphView.cpp">
      <Filter>Source Files\Views\ChromeFlameGraph</Filter>
    </ClCompile>
    <ClCompile Include="src\Views\ChromeFlameGraph\PackedProcessThreadRemapping.cpp">
      <Filter>Source Files\Views\ChromeFlameGraph</Filter>
    </ClCompile>
  </ItemGroup>
  <ItemGroup>
    <ClInclude Include="src\Commands.h">
      <Filter>Header Files</Filter>
    </ClInclude>
    <ClInclude Include="src\PayloadBuilder.h">
      <Filter>Header Files</Filter>
    </ClInclude>
    <ClInclude Include="src\Utility.h">
      <Filter>Header Files</Filter>
    </ClInclude>
    <ClInclude Include="src\GenericFields.h">
      <Filter>Header Files</Filter>
    </ClInclude>
    <ClInclude Include="src\Views\BuildExplorerView.h">
      <Filter>Header Files\Views</Filter>
    </ClInclude>
    <ClInclude Include="src\Views\FunctionsView.h">
      <Filter>Header Files\Views</Filter>
    </ClInclude>
    <ClInclude Include="src\Views\TemplateInstantiationsView.h">
      <Filter>Header Files\Views</Filter>
    </ClInclude>
    <ClInclude Include="src\Views\FilesView.h">
      <Filter>Header Files\Views</Filter>
    </ClInclude>
    <ClInclude Include="src\Analyzers\ExpensiveTemplateInstantiationCache.h">
      <Filter>Header Files\Analyzers</Filter>
    </ClInclude>
    <ClInclude Include="src\Analyzers\MiscellaneousCache.h">
      <Filter>Header Files\Analyzers</Filter>
    </ClInclude>
    <ClInclude Include="src\Analyzers\ContextBuilder.h">
      <Filter>Header Files\Analyzers</Filter>
    </ClInclude>
    <ClInclude Include="src\VcperfBuildInsights.h">
      <Filter>Header Files</Filter>
    </ClInclude>
    <ClInclude Include="src\Analyzers\ExecutionHierarchy.h">
      <Filter>Header Files\Analyzers</Filter>
    </ClInclude>
    <ClInclude Include="src\Views\ChromeFlameGraph\ChromeFlameGraphView.h">
      <Filter>Header Files\Views\ChromeFlameGraph</Filter>
    </ClInclude>
    <ClInclude Include="src\Views\ChromeFlameGraph\PackedProcessThreadRemapping.h">
      <Filter>Header Files\Views\ChromeFlameGraph</Filter>
    </ClInclude>
  </ItemGroup>
  <ItemGroup>
    <ResourceCompile Include="$(IntDir)CppBuildInsightsEtw.rc">
      <Filter>Resource Files</Filter>
    </ResourceCompile>
  </ItemGroup>
  <ItemGroup>
    <Xml Include="src\CppBuildInsightsEtw.xml" />
  </ItemGroup>
  <ItemGroup>
    <None Include="packages.config" />
  </ItemGroup>
</Project>